{
  "name": "frontend",
  "lockfileVersion": 3,
  "requires": true,
  "packages": {
    "": {
      "dependencies": {
        "create-expo-app": "^3.0.0"
      }
    },
    "node_modules/create-expo-app": {
      "version": "3.0.0",
      "resolved": "https://registry.npmjs.org/create-expo-app/-/create-expo-app-3.0.0.tgz",
      "integrity": "sha512-S4F0Vruh2RwJOdsYnQdCpIO1rjPR42338BepMyBnyr2WaIFTnGf2O8QLD6LFzv+PhdptrNYXsJnBXQ+12QAxVQ==",
      "bin": {
        "create-expo-app": "build/index.js"
      },
      "engines": {
        "node": ">=18.13.0"
      }
    }
  }
}
